
Microsoft Visual Studio Solution File, Format Version 12.00
# Visual Studio Version 16
VisualStudioVersion = 16.0.29306.81
MinimumVisualStudioVersion = 10.0.40219.1
Project("{FAE04EC0-301F-11D3-BF4B-00C04F79EFBC}") = "Rus OOP 7.1", "Rus OOP 7.1\Rus OOP 7.1.csproj", "{A87BE510-D0E0-4D46-98C2-5A1D9100723A}"
EndProject
Global
	GlobalSection(SolutionConfigurationPlatforms) = preSolution
		Debug|Any CPU = Debug|Any CPU
		Release|Any CPU = Release|Any CPU
	EndGlobalSection
	GlobalSection(ProjectConfigurationPlatforms) = postSolution
		{A87BE510-D0E0-4D46-98C2-5A1D9100723A}.Debug|Any CPU.ActiveCfg = Debug|Any CPU
		{A87BE510-D0E0-4D46-98C2-5A1D9100723A}.Debug|Any CPU.Build.0 = Debug|Any CPU
		{A87BE510-D0E0-4D46-98C2-5A1D9100723A}.Release|Any CPU.ActiveCfg = Release|Any CPU
		{A87BE510-D0E0-4D46-98C2-5A1D9100723A}.Release|Any CPU.Build.0 = Release|Any CPU
	EndGlobalSection
	GlobalSection(SolutionProperties) = preSolution
		HideSolutionNode = FALSE
	EndGlobalSection
	GlobalSection(ExtensibilityGlobals) = postSolution
		SolutionGuid = {52657265-4719-4E4B-A683-C023D8A63A4C}
	EndGlobalSection
EndGlobal
